
Microsoft Visual Studio Solution File, Format Version 12.00
# Visual Studio Version 17
VisualStudioVersion = 17.1.32328.378
MinimumVisualStudioVersion = 10.0.40219.1
Project("{FAE04EC0-301F-11D3-BF4B-00C04F79EFBC}") = "pryArroyoSP1-H1", "pryArroyoSP1-H1.csproj", "{95BB9445-012A-42D0-95F2-F1E7E0DAEDA1}"
EndProject
Global
	GlobalSection(SolutionConfigurationPlatforms) = preSolution
		Debug|Any CPU = Debug|Any CPU
		Release|Any CPU = Release|Any CPU
	EndGlobalSection
	GlobalSection(ProjectConfigurationPlatforms) = postSolution
		{95BB9445-012A-42D0-95F2-F1E7E0DAEDA1}.Debug|Any CPU.ActiveCfg = Debug|Any CPU
		{95BB9445-012A-42D0-95F2-F1E7E0DAEDA1}.Debug|Any CPU.Build.0 = Debug|Any CPU
		{95BB9445-012A-42D0-95F2-F1E7E0DAEDA1}.Release|Any CPU.ActiveCfg = Release|Any CPU
		{95BB9445-012A-42D0-95F2-F1E7E0DAEDA1}.Release|Any CPU.Build.0 = Release|Any CPU
	EndGlobalSection
	GlobalSection(SolutionProperties) = preSolution
		HideSolutionNode = FALSE
	EndGlobalSection
	GlobalSection(ExtensibilityGlobals) = postSolution
		SolutionGuid = {902B0391-9947-4CE2-8DEC-3DAF1F07AF17}
	EndGlobalSection
EndGlobal
